# This file is automatically @generated by Cargo.
# It is not intended for manual editing.
version = 3

[[package]]
name = "tsrs"
version = "0.1.0"
dependencies = [
 "wtf8",
]

[[package]]
name = "wtf8"
version = "0.1.0"
source = "registry+https://github.com/rust-lang/crates.io-index"
checksum = "c01ae8492c38f52376efd3a17d0994b6bcf3df1e39c0226d458b7d81670b2a06"
