# This file is automatically @generated by Cargo.
# It is not intended for manual editing.
version = 4

[[package]]
name = "tsrs2-binder"
version = "0.1.0"
dependencies = [
 "tsrs2-diags",
 "tsrs2-syntax",
]

[[package]]
name = "tsrs2-checker"
version = "0.1.0"
dependencies = [
 "tsrs2-binder",
 "tsrs2-diags",
 "tsrs2-syntax",
 "tsrs2-types",
]

[[package]]
name = "tsrs2-conformance"
version = "0.1.0"
dependencies = [
 "tsrs2-checker",
]

[[package]]
name = "tsrs2-diags"
version = "0.1.0"

[[package]]
name = "tsrs2-fuzz"
version = "0.1.0"
dependencies = [
 "tsrs2-checker",
]

[[package]]
name = "tsrs2-harness"
version = "0.1.0"
dependencies = [
 "tsrs2-checker",
]

[[package]]
name = "tsrs2-oracle"
version = "0.1.0"
dependencies = [
 "tsrs2-diags",
]

[[package]]
name = "tsrs2-syntax"
version = "0.1.0"
dependencies = [
 "tsrs2-diags",
]

[[package]]
name = "tsrs2-types"
version = "0.1.0"
dependencies = [
 "tsrs2-diags",
]

[[package]]
name = "xtask"
version = "0.1.0"
dependencies = [
 "tsrs2-conformance",
 "tsrs2-harness",
 "tsrs2-oracle",
]
